// !$*UTF8*$!
{
	archiveVersion = 1;
	classes = {
	};
	objectVersion = 46;
	objects = {

/* Begin PBXBuildFile section */
		4DD9F0FE1A1BE753001C3D98 /* NANDORSingleton.swift in Sources */ = {isa = PBXBuildFile; fileRef = 4DD9F0FB1A1BE753001C3D98 /* NANDORSingleton.swift */; };
		4DD9F0FF1A1BE753001C3D98 /* NANDORSingleton.swift in Sources */ = {isa = PBXBuildFile; fileRef = 4DD9F0FB1A1BE753001C3D98 /* NANDORSingleton.swift */; };
		4DD9F1001A1BE753001C3D98 /* Control.swift in Sources */ = {isa = PBXBuildFile; fileRef = 4DD9F0FC1A1BE753001C3D98 /* Control.swift */; };
		4DD9F1011A1BE753001C3D98 /* Control.swift in Sources */ = {isa = PBXBuildFile; fileRef = 4DD9F0FC1A1BE753001C3D98 /* Control.swift */; };
		4DD9F1021A1BE753001C3D98 /* URLSession.swift in Sources */ = {isa = PBXBuildFile; fileRef = 4DD9F0FD1A1BE753001C3D98 /* URLSession.swift */; };
		4DD9F1031A1BE753001C3D98 /* URLSession.swift in Sources */ = {isa = PBXBuildFile; fileRef = 4DD9F0FD1A1BE753001C3D98 /* URLSession.swift */; };
		4DEEF38A1A1BA0FD003D4A15 /* AppDelegate.swift in Sources */ = {isa = PBXBuildFile; fileRef = 4DEEF3891A1BA0FD003D4A15 /* AppDelegate.swift */; };
		4DEEF38C1A1BA0FD003D4A15 /* MasterViewController.swift in Sources */ = {isa = PBXBuildFile; fileRef = 4DEEF38B1A1BA0FD003D4A15 /* MasterViewController.swift */; };
		4DEEF38E1A1BA0FD003D4A15 /* DetailViewController.swift in Sources */ = {isa = PBXBuildFile; fileRef = 4DEEF38D1A1BA0FD003D4A15 /* DetailViewController.swift */; };
		4DEEF3911A1BA0FD003D4A15 /* Main.storyboard in Resources */ = {isa = PBXBuildFile; fileRef = 4DEEF38F1A1BA0FD003D4A15 /* Main.storyboard */; };
		4DEEF3931A1BA0FD003D4A15 /* Images.xcassets in Resources */ = {isa = PBXBuildFile; fileRef = 4DEEF3921A1BA0FD003D4A15 /* Images.xcassets */; };
		4DEEF3961A1BA0FD003D4A15 /* LaunchScreen.xib in Resources */ = {isa = PBXBuildFile; fileRef = 4DEEF3941A1BA0FD003D4A15 /* LaunchScreen.xib */; };
		4DEEF3A21A1BA0FD003D4A15 /* NANDORTests.swift in Sources */ = {isa = PBXBuildFile; fileRef = 4DEEF3A11A1BA0FD003D4A15 /* NANDORTests.swift */; };
		4DEEF3AD1A1BA30D003D4A15 /* Item.swift in Sources */ = {isa = PBXBuildFile; fileRef = 4DEEF3AB1A1BA30D003D4A15 /* Item.swift */; };
		4DEEF3AE1A1BA30D003D4A15 /* Item.swift in Sources */ = {isa = PBXBuildFile; fileRef = 4DEEF3AB1A1BA30D003D4A15 /* Item.swift */; };
		4DEEF3AF1A1BA30D003D4A15 /* ItemGroups.swift in Sources */ = {isa = PBXBuildFile; fileRef = 4DEEF3AC1A1BA30D003D4A15 /* ItemGroups.swift */; };
		4DEEF3B01A1BA30D003D4A15 /* ItemGroups.swift in Sources */ = {isa = PBXBuildFile; fileRef = 4DEEF3AC1A1BA30D003D4A15 /* ItemGroups.swift */; };
		4DEEF3B41A1BA3D4003D4A15 /* ItemGroup.swift in Sources */ = {isa = PBXBuildFile; fileRef = 4DEEF3B31A1BA3D4003D4A15 /* ItemGroup.swift */; };
		4DEEF3B51A1BA3D4003D4A15 /* ItemGroup.swift in Sources */ = {isa = PBXBuildFile; fileRef = 4DEEF3B31A1BA3D4003D4A15 /* ItemGroup.swift */; };
		4DEEF3BA1A1BAA37003D4A15 /* BoolItem.swift in Sources */ = {isa = PBXBuildFile; fileRef = 4DEEF3B91A1BAA37003D4A15 /* BoolItem.swift */; };
		4DEEF3BB1A1BAA37003D4A15 /* BoolItem.swift in Sources */ = {isa = PBXBuildFile; fileRef = 4DEEF3B91A1BAA37003D4A15 /* BoolItem.swift */; };
/* End PBXBuildFile section */

/* Begin PBXContainerItemProxy section */
		4DEEF39C1A1BA0FD003D4A15 /* PBXContainerItemProxy */ = {
			isa = PBXContainerItemProxy;
			containerPortal = 4DEEF37C1A1BA0FD003D4A15 /* Project object */;
			proxyType = 1;
			remoteGlobalIDString = 4DEEF3831A1BA0FD003D4A15;
			remoteInfo = NANDOR;
		};
/* End PBXContainerItemProxy section */

/* Begin PBXFileReference section */
		4DD9F0FB1A1BE753001C3D98 /* NANDORSingleton.swift */ = {isa = PBXFileReference; fileEncoding = 4; lastKnownFileType = sourcecode.swift; path = NANDORSingleton.swift; sourceTree = "<group>"; };
		4DD9F0FC1A1BE753001C3D98 /* Control.swift */ = {isa = PBXFileReference; fileEncoding = 4; lastKnownFileType = sourcecode.swift; path = Control.swift; sourceTree = "<group>"; };
		4DD9F0FD1A1BE753001C3D98 /* URLSession.swift */ = {isa = PBXFileReference; fileEncoding = 4; lastKnownFileType = sourcecode.swift; path = URLSession.swift; sourceTree = "<group>"; };
		4DEEF3841A1BA0FD003D4A15 /* NANDOR.app */ = {isa = PBXFileReference; explicitFileType = wrapper.application; includeInIndex = 0; path = NANDOR.app; sourceTree = BUILT_PRODUCTS_DIR; };
		4DEEF3881A1BA0FD003D4A15 /* Info.plist */ = {isa = PBXFileReference; lastKnownFileType = text.plist.xml; path = Info.plist; sourceTree = "<group>"; };
		4DEEF3891A1BA0FD003D4A15 /* AppDelegate.swift */ = {isa = PBXFileReference; lastKnownFileType = sourcecode.swift; path = AppDelegate.swift; sourceTree = "<group>"; };
		4DEEF38B1A1BA0FD003D4A15 /* MasterViewController.swift */ = {isa = PBXFileReference; lastKnownFileType = sourcecode.swift; path = MasterViewController.swift; sourceTree = "<group>"; };
		4DEEF38D1A1BA0FD003D4A15 /* DetailViewController.swift */ = {isa = PBXFileReference; lastKnownFileType = sourcecode.swift; path = DetailViewController.swift; sourceTree = "<group>"; };
		4DEEF3901A1BA0FD003D4A15 /* Base */ = {isa = PBXFileReference; lastKnownFileType = file.storyboard; name = Base; path = Base.lproj/Main.storyboard; sourceTree = "<group>"; };
		4DEEF3921A1BA0FD003D4A15 /* Images.xcassets */ = {isa = PBXFileReference; lastKnownFileType = folder.assetcatalog; path = Images.xcassets; sourceTree = "<group>"; };
		4DEEF3951A1BA0FD003D4A15 /* Base */ = {isa = PBXFileReference; lastKnownFileType = file.xib; name = Base; path = Base.lproj/LaunchScreen.xib; sourceTree = "<group>"; };
		4DEEF39B1A1BA0FD003D4A15 /* NANDORTests.xctest */ = {isa = PBXFileReference; explicitFileType = wrapper.cfbundle; includeInIndex = 0; path = NANDORTests.xctest; sourceTree = BUILT_PRODUCTS_DIR; };
		4DEEF3A01A1BA0FD003D4A15 /* Info.plist */ = {isa = PBXFileReference; lastKnownFileType = text.plist.xml; path = Info.plist; sourceTree = "<group>"; };
		4DEEF3A11A1BA0FD003D4A15 /* NANDORTests.swift */ = {isa = PBXFileReference; lastKnownFileType = sourcecode.swift; path = NANDORTests.swift; sourceTree = "<group>"; };
		4DEEF3AB1A1BA30D003D4A15 /* Item.swift */ = {isa = PBXFileReference; fileEncoding = 4; lastKnownFileType = sourcecode.swift; path = Item.swift; sourceTree = "<group>"; };
		4DEEF3AC1A1BA30D003D4A15 /* ItemGroups.swift */ = {isa = PBXFileReference; fileEncoding = 4; lastKnownFileType = sourcecode.swift; path = ItemGroups.swift; sourceTree = "<group>"; };
		4DEEF3B31A1BA3D4003D4A15 /* ItemGroup.swift */ = {isa = PBXFileReference; fileEncoding = 4; lastKnownFileType = sourcecode.swift; path = ItemGroup.swift; sourceTree = "<group>"; };
		4DEEF3B91A1BAA37003D4A15 /* BoolItem.swift */ = {isa = PBXFileReference; fileEncoding = 4; lastKnownFileType = sourcecode.swift; path = BoolItem.swift; sourceTree = "<group>"; };
/* End PBXFileReference section */

/* Begin PBXFrameworksBuildPhase section */
		4DEEF3811A1BA0FD003D4A15 /* Frameworks */ = {
			isa = PBXFrameworksBuildPhase;
			buildActionMask = 2147483647;
			files = (
			);
			runOnlyForDeploymentPostprocessing = 0;
		};
		4DEEF3981A1BA0FD003D4A15 /* Frameworks */ = {
			isa = PBXFrameworksBuildPhase;
			buildActionMask = 2147483647;
			files = (
			);
			runOnlyForDeploymentPostprocessing = 0;
		};
/* End PBXFrameworksBuildPhase section */

/* Begin PBXGroup section */
		4DEEF37B1A1BA0FD003D4A15 = {
			isa = PBXGroup;
			children = (
				4DEEF3861A1BA0FD003D4A15 /* NANDOR */,
				4DEEF39E1A1BA0FD003D4A15 /* NANDORTests */,
				4DEEF3851A1BA0FD003D4A15 /* Products */,
			);
			sourceTree = "<group>";
		};
		4DEEF3851A1BA0FD003D4A15 /* Products */ = {
			isa = PBXGroup;
			children = (
				4DEEF3841A1BA0FD003D4A15 /* NANDOR.app */,
				4DEEF39B1A1BA0FD003D4A15 /* NANDORTests.xctest */,
			);
			name = Products;
			sourceTree = "<group>";
		};
		4DEEF3861A1BA0FD003D4A15 /* NANDOR */ = {
			isa = PBXGroup;
			children = (
				4DEEF3891A1BA0FD003D4A15 /* AppDelegate.swift */,
				4DEEF38F1A1BA0FD003D4A15 /* Main.storyboard */,
				4DEEF3B21A1BA31E003D4A15 /* View Controllers */,
				4DEEF3B11A1BA313003D4A15 /* Model */,
				4DEEF3921A1BA0FD003D4A15 /* Images.xcassets */,
				4DEEF3941A1BA0FD003D4A15 /* LaunchScreen.xib */,
				4DEEF3871A1BA0FD003D4A15 /* Supporting Files */,
			);
			path = NANDOR;
			sourceTree = "<group>";
		};
		4DEEF3871A1BA0FD003D4A15 /* Supporting Files */ = {
			isa = PBXGroup;
			children = (
				4DEEF3881A1BA0FD003D4A15 /* Info.plist */,
			);
			name = "Supporting Files";
			sourceTree = "<group>";
		};
		4DEEF39E1A1BA0FD003D4A15 /* NANDORTests */ = {
			isa = PBXGroup;
			children = (
				4DEEF3A11A1BA0FD003D4A15 /* NANDORTests.swift */,
				4DEEF39F1A1BA0FD003D4A15 /* Supporting Files */,
			);
			path = NANDORTests;
			sourceTree = "<group>";
		};
		4DEEF39F1A1BA0FD003D4A15 /* Supporting Files */ = {
			isa = PBXGroup;
			children = (
				4DEEF3A01A1BA0FD003D4A15 /* Info.plist */,
			);
			name = "Supporting Files";
			sourceTree = "<group>";
		};
		4DEEF3B11A1BA313003D4A15 /* Model */ = {
			isa = PBXGroup;
			children = (
				4DD9F0FB1A1BE753001C3D98 /* NANDORSingleton.swift */,
				4DD9F0FC1A1BE753001C3D98 /* Control.swift */,
				4DD9F0FD1A1BE753001C3D98 /* URLSession.swift */,
				4DEEF3AB1A1BA30D003D4A15 /* Item.swift */,
				4DEEF3B91A1BAA37003D4A15 /* BoolItem.swift */,
				4DEEF3B31A1BA3D4003D4A15 /* ItemGroup.swift */,
				4DEEF3AC1A1BA30D003D4A15 /* ItemGroups.swift */,
			);
			name = Model;
			sourceTree = "<group>";
		};
		4DEEF3B21A1BA31E003D4A15 /* View Controllers */ = {
			isa = PBXGroup;
			children = (
				4DEEF38B1A1BA0FD003D4A15 /* MasterViewController.swift */,
				4DEEF38D1A1BA0FD003D4A15 /* DetailViewController.swift */,
			);
			name = "View Controllers";
			sourceTree = "<group>";
		};
/* End PBXGroup section */

/* Begin PBXNativeTarget section */
		4DEEF3831A1BA0FD003D4A15 /* NANDOR */ = {
			isa = PBXNativeTarget;
			buildConfigurationList = 4DEEF3A51A1BA0FD003D4A15 /* Build configuration list for PBXNativeTarget "NANDOR" */;
			buildPhases = (
				4DEEF3801A1BA0FD003D4A15 /* Sources */,
				4DEEF3811A1BA0FD003D4A15 /* Frameworks */,
				4DEEF3821A1BA0FD003D4A15 /* Resources */,
			);
			buildRules = (
			);
			dependencies = (
			);
			name = NANDOR;
			productName = NANDOR;
			productReference = 4DEEF3841A1BA0FD003D4A15 /* NANDOR.app */;
			productType = "com.apple.product-type.application";
		};
		4DEEF39A1A1BA0FD003D4A15 /* NANDORTests */ = {
			isa = PBXNativeTarget;
			buildConfigurationList = 4DEEF3A81A1BA0FD003D4A15 /* Build configuration list for PBXNativeTarget "NANDORTests" */;
			buildPhases = (
				4DEEF3971A1BA0FD003D4A15 /* Sources */,
				4DEEF3981A1BA0FD003D4A15 /* Frameworks */,
				4DEEF3991A1BA0FD003D4A15 /* Resources */,
			);
			buildRules = (
			);
			dependencies = (
				4DEEF39D1A1BA0FD003D4A15 /* PBXTargetDependency */,
			);
			name = NANDORTests;
			productName = NANDORTests;
			productReference = 4DEEF39B1A1BA0FD003D4A15 /* NANDORTests.xctest */;
			productType = "com.apple.product-type.bundle.unit-test";
		};
/* End PBXNativeTarget section */

/* Begin PBXProject section */
		4DEEF37C1A1BA0FD003D4A15 /* Project object */ = {
			isa = PBXProject;
			attributes = {
				LastUpgradeCheck = 0610;
				ORGANIZATIONNAME = Pudge.Net;
				TargetAttributes = {
					4DEEF3831A1BA0FD003D4A15 = {
						CreatedOnToolsVersion = 6.1;
						DevelopmentTeam = 2A6737W8QG;
					};
					4DEEF39A1A1BA0FD003D4A15 = {
						CreatedOnToolsVersion = 6.1;
						TestTargetID = 4DEEF3831A1BA0FD003D4A15;
					};
				};
			};
			buildConfigurationList = 4DEEF37F1A1BA0FD003D4A15 /* Build configuration list for PBXProject "NANDOR" */;
			compatibilityVersion = "Xcode 3.2";
			developmentRegion = English;
			hasScannedForEncodings = 0;
			knownRegions = (
				en,
				Base,
			);
			mainGroup = 4DEEF37B1A1BA0FD003D4A15;
			productRefGroup = 4DEEF3851A1BA0FD003D4A15 /* Products */;
			projectDirPath = "";
			projectRoot = "";
			targets = (
				4DEEF3831A1BA0FD003D4A15 /* NANDOR */,
				4DEEF39A1A1BA0FD003D4A15 /* NANDORTests */,
			);
		};
/* End PBXProject section */

/* Begin PBXResourcesBuildPhase section */
		4DEEF3821A1BA0FD003D4A15 /* Resources */ = {
			isa = PBXResourcesBuildPhase;
			buildActionMask = 2147483647;
			files = (
				4DEEF3911A1BA0FD003D4A15 /* Main.storyboard in Resources */,
				4DEEF3961A1BA0FD003D4A15 /* LaunchScreen.xib in Resources */,
				4DEEF3931A1BA0FD003D4A15 /* Images.xcassets in Resources */,
			);
			runOnlyForDeploymentPostprocessing = 0;
		};
		4DEEF3991A1BA0FD003D4A15 /* Resources */ = {
			isa = PBXResourcesBuildPhase;
			buildActionMask = 2147483647;
			files = (
			);
			runOnlyForDeploymentPostprocessing = 0;
		};
/* End PBXResourcesBuildPhase section */

/* Begin PBXSourcesBuildPhase section */
		4DEEF3801A1BA0FD003D4A15 /* Sources */ = {
			isa = PBXSourcesBuildPhase;
			buildActionMask = 2147483647;
			files = (
				4DD9F0FE1A1BE753001C3D98 /* NANDORSingleton.swift in Sources */,
				4DEEF3BA1A1BAA37003D4A15 /* BoolItem.swift in Sources */,
				4DD9F1021A1BE753001C3D98 /* URLSession.swift in Sources */,
				4DEEF38E1A1BA0FD003D4A15 /* DetailViewController.swift in Sources */,
				4DEEF3AF1A1BA30D003D4A15 /* ItemGroups.swift in Sources */,
				4DEEF38C1A1BA0FD003D4A15 /* MasterViewController.swift in Sources */,
				4DD9F1001A1BE753001C3D98 /* Control.swift in Sources */,
				4DEEF38A1A1BA0FD003D4A15 /* AppDelegate.swift in Sources */,
				4DEEF3AD1A1BA30D003D4A15 /* Item.swift in Sources */,
				4DEEF3B41A1BA3D4003D4A15 /* ItemGroup.swift in Sources */,
			);
			runOnlyForDeploymentPostprocessing = 0;
		};
		4DEEF3971A1BA0FD003D4A15 /* Sources */ = {
			isa = PBXSourcesBuildPhase;
			buildActionMask = 2147483647;
			files = (
				4DEEF3B01A1BA30D003D4A15 /* ItemGroups.swift in Sources */,
				4DEEF3BB1A1BAA37003D4A15 /* BoolItem.swift in Sources */,
				4DD9F1031A1BE753001C3D98 /* URLSession.swift in Sources */,
				4DD9F1011A1BE753001C3D98 /* Control.swift in Sources */,
				4DD9F0FF1A1BE753001C3D98 /* NANDORSingleton.swift in Sources */,
				4DEEF3A21A1BA0FD003D4A15 /* NANDORTests.swift in Sources */,
				4DEEF3AE1A1BA30D003D4A15 /* Item.swift in Sources */,
				4DEEF3B51A1BA3D4003D4A15 /* ItemGroup.swift in Sources */,
			);
			runOnlyForDeploymentPostprocessing = 0;
		};
/* End PBXSourcesBuildPhase section */

/* Begin PBXTargetDependency section */
		4DEEF39D1A1BA0FD003D4A15 /* PBXTargetDependency */ = {
			isa = PBXTargetDependency;
			target = 4DEEF3831A1BA0FD003D4A15 /* NANDOR */;
			targetProxy = 4DEEF39C1A1BA0FD003D4A15 /* PBXContainerItemProxy */;
		};
/* End PBXTargetDependency section */

/* Begin PBXVariantGroup section */
		4DEEF38F1A1BA0FD003D4A15 /* Main.storyboard */ = {
			isa = PBXVariantGroup;
			children = (
				4DEEF3901A1BA0FD003D4A15 /* Base */,
			);
			name = Main.storyboard;
			sourceTree = "<group>";
		};
		4DEEF3941A1BA0FD003D4A15 /* LaunchScreen.xib */ = {
			isa = PBXVariantGroup;
			children = (
				4DEEF3951A1BA0FD003D4A15 /* Base */,
			);
			name = LaunchScreen.xib;
			sourceTree = "<group>";
		};
/* End PBXVariantGroup section */

/* Begin XCBuildConfiguration section */
		4DEEF3A31A1BA0FD003D4A15 /* Debug */ = {
			isa = XCBuildConfiguration;
			buildSettings = {
				ALWAYS_SEARCH_USER_PATHS = NO;
				CLANG_CXX_LANGUAGE_STANDARD = "gnu++0x";
				CLANG_CXX_LIBRARY = "libc++";
				CLANG_ENABLE_MODULES = YES;
				CLANG_ENABLE_OBJC_ARC = YES;
				CLANG_WARN_BOOL_CONVERSION = YES;
				CLANG_WARN_CONSTANT_CONVERSION = YES;
				CLANG_WARN_DIRECT_OBJC_ISA_USAGE = YES_ERROR;
				CLANG_WARN_EMPTY_BODY = YES;
				CLANG_WARN_ENUM_CONVERSION = YES;
				CLANG_WARN_INT_CONVERSION = YES;
				CLANG_WARN_OBJC_ROOT_CLASS = YES_ERROR;
				CLANG_WARN_UNREACHABLE_CODE = YES;
				CLANG_WARN__DUPLICATE_METHOD_MATCH = YES;
				"CODE_SIGN_IDENTITY[sdk=iphoneos*]" = "iPhone Developer";
				COPY_PHASE_STRIP = NO;
				ENABLE_STRICT_OBJC_MSGSEND = YES;
				GCC_C_LANGUAGE_STANDARD = gnu99;
				GCC_DYNAMIC_NO_PIC = NO;
				GCC_OPTIMIZATION_LEVEL = 0;
				GCC_PREPROCESSOR_DEFINITIONS = (
					"DEBUG=1",
					"$(inherited)",
				);
				GCC_SYMBOLS_PRIVATE_EXTERN = NO;
				GCC_WARN_64_TO_32_BIT_CONVERSION = YES;
				GCC_WARN_ABOUT_RETURN_TYPE = YES_ERROR;
				GCC_WARN_UNDECLARED_SELECTOR = YES;
				GCC_WARN_UNINITIALIZED_AUTOS = YES_AGGRESSIVE;
				GCC_WARN_UNUSED_FUNCTION = YES;
				GCC_WARN_UNUSED_VARIABLE = YES;
				IPHONEOS_DEPLOYMENT_TARGET = 8.1;
				MTL_ENABLE_DEBUG_INFO = YES;
				ONLY_ACTIVE_ARCH = YES;
				SDKROOT = iphoneos;
				SWIFT_OPTIMIZATION_LEVEL = "-Onone";
				TARGETED_DEVICE_FAMILY = "1,2";
			};
			name = Debug;
		};
		4DEEF3A41A1BA0FD003D4A15 /* Release */ = {
			isa = XCBuildConfiguration;
			buildSettings = {
				ALWAYS_SEARCH_USER_PATHS = NO;
				CLANG_CXX_LANGUAGE_STANDARD = "gnu++0x";
				CLANG_CXX_LIBRARY = "libc++";
				CLANG_ENABLE_MODULES = YES;
				CLANG_ENABLE_OBJC_ARC = YES;
				CLANG_WARN_BOOL_CONVERSION = YES;
				CLANG_WARN_CONSTANT_CONVERSION = YES;
				CLANG_WARN_DIRECT_OBJC_ISA_USAGE = YES_ERROR;
				CLANG_WARN_EMPTY_BODY = YES;
				CLANG_WARN_ENUM_CONVERSION = YES;
				CLANG_WARN_INT_CONVERSION = YES;
				CLANG_WARN_OBJC_ROOT_CLASS = YES_ERROR;
				CLANG_WARN_UNREACHABLE_CODE = YES;
				CLANG_WARN__DUPLICATE_METHOD_MATCH = YES;
				"CODE_SIGN_IDENTITY[sdk=iphoneos*]" = "iPhone Developer";
				COPY_PHASE_STRIP = YES;
				ENABLE_NS_ASSERTIONS = NO;
				ENABLE_STRICT_OBJC_MSGSEND = YES;
				GCC_C_LANGUAGE_STANDARD = gnu99;
				GCC_WARN_64_TO_32_BIT_CONVERSION = YES;
				GCC_WARN_ABOUT_RETURN_TYPE = YES_ERROR;
				GCC_WARN_UNDECLARED_SELECTOR = YES;
				GCC_WARN_UNINITIALIZED_AUTOS = YES_AGGRESSIVE;
				GCC_WARN_UNUSED_FUNCTION = YES;
				GCC_WARN_UNUSED_VARIABLE = YES;
				IPHONEOS_DEPLOYMENT_TARGET = 8.1;
				MTL_ENABLE_DEBUG_INFO = NO;
				SDKROOT = iphoneos;
				TARGETED_DEVICE_FAMILY = "1,2";
				VALIDATE_PRODUCT = YES;
			};
			name = Release;
		};
		4DEEF3A61A1BA0FD003D4A15 /* Debug */ = {
			isa = XCBuildConfiguration;
			buildSettings = {
				ASSETCATALOG_COMPILER_APPICON_NAME = AppIcon;
				CODE_SIGN_IDENTITY = "iPhone Developer";
				"CODE_SIGN_IDENTITY[sdk=iphoneos*]" = "iPhone Developer";
				INFOPLIST_FILE = NANDOR/Info.plist;
				LD_RUNPATH_SEARCH_PATHS = "$(inherited) @executable_path/Frameworks";
				PRODUCT_NAME = "$(TARGET_NAME)";
				PROVISIONING_PROFILE = "";
			};
			name = Debug;
		};
		4DEEF3A71A1BA0FD003D4A15 /* Release */ = {
			isa = XCBuildConfiguration;
			buildSettings = {
				ASSETCATALOG_COMPILER_APPICON_NAME = AppIcon;
				CODE_SIGN_IDENTITY = "iPhone Developer";
				"CODE_SIGN_IDENTITY[sdk=iphoneos*]" = "iPhone Developer";
				INFOPLIST_FILE = NANDOR/Info.plist;
				LD_RUNPATH_SEARCH_PATHS = "$(inherited) @executable_path/Frameworks";
				PRODUCT_NAME = "$(TARGET_NAME)";
				PROVISIONING_PROFILE = "";
			};
			name = Release;
		};
		4DEEF3A91A1BA0FD003D4A15 /* Debug */ = {
			isa = XCBuildConfiguration;
			buildSettings = {
				BUNDLE_LOADER = "$(TEST_HOST)";
				FRAMEWORK_SEARCH_PATHS = (
					"$(SDKROOT)/Developer/Library/Frameworks",
					"$(inherited)",
				);
				GCC_PREPROCESSOR_DEFINITIONS = (
					"DEBUG=1",
					"$(inherited)",
				);
				INFOPLIST_FILE = NANDORTests/Info.plist;
				LD_RUNPATH_SEARCH_PATHS = "$(inherited) @executable_path/Frameworks @loader_path/Frameworks";
				PRODUCT_NAME = "$(TARGET_NAME)";
				TEST_HOST = "$(BUILT_PRODUCTS_DIR)/NANDOR.app/NANDOR";
			};
			name = Debug;
		};
		4DEEF3AA1A1BA0FD003D4A15 /* Release */ = {
			isa = XCBuildConfiguration;
			buildSettings = {
				BUNDLE_LOADER = "$(TEST_HOST)";
				FRAMEWORK_SEARCH_PATHS = (
					"$(SDKROOT)/Developer/Library/Frameworks",
					"$(inherited)",
				);
				INFOPLIST_FILE = NANDORTests/Info.plist;
				LD_RUNPATH_SEARCH_PATHS = "$(inherited) @executable_path/Frameworks @loader_path/Frameworks";
				PRODUCT_NAME = "$(TARGET_NAME)";
				TEST_HOST = "$(BUILT_PRODUCTS_DIR)/NANDOR.app/NANDOR";
			};
			name = Release;
		};
/* End XCBuildConfiguration section */

/* Begin XCConfigurationList section */
		4DEEF37F1A1BA0FD003D4A15 /* Build configuration list for PBXProject "NANDOR" */ = {
			isa = XCConfigurationList;
			buildConfigurations = (
				4DEEF3A31A1BA0FD003D4A15 /* Debug */,
				4DEEF3A41A1BA0FD003D4A15 /* Release */,
			);
			defaultConfigurationIsVisible = 0;
			defaultConfigurationName = Release;
		};
		4DEEF3A51A1BA0FD003D4A15 /* Build configuration list for PBXNativeTarget "NANDOR" */ = {
			isa = XCConfigurationList;
			buildConfigurations = (
				4DEEF3A61A1BA0FD003D4A15 /* Debug */,
				4DEEF3A71A1BA0FD003D4A15 /* Release */,
			);
			defaultConfigurationIsVisible = 0;
			defaultConfigurationName = Release;
		};
		4DEEF3A81A1BA0FD003D4A15 /* Build configuration list for PBXNativeTarget "NANDORTests" */ = {
			isa = XCConfigurationList;
			buildConfigurations = (
				4DEEF3A91A1BA0FD003D4A15 /* Debug */,
				4DEEF3AA1A1BA0FD003D4A15 /* Release */,
			);
			defaultConfigurationIsVisible = 0;
			defaultConfigurationName = Release;
		};
/* End XCConfigurationList section */
	};
	rootObject = 4DEEF37C1A1BA0FD003D4A15 /* Project object */;
}
